{
  "name": "hello-typescript-flat-config",
  "version": "1.0.0",
  "lockfileVersion": 3,
  "requires": true,
  "packages": {
    "": {
      "name": "hello-typescript-flat-config",
      "version": "1.0.0",
      "license": "Apache-2.0",
      "dependencies": {
        "@uraitakahito/hello-commonjs": "^1.0.8",
        "@uraitakahito/hello-conditional-exports": "^1.0.1",
        "@uraitakahito/hello-esmodule": "^1.0.2"
      },
      "devDependencies": {
        "typescript": "^5.7.3"
      }
    },
    "node_modules/@uraitakahito/hello-commonjs": {
      "version": "1.0.8",
      "resolved": "https://registry.npmjs.org/@uraitakahito/hello-commonjs/-/hello-commonjs-1.0.8.tgz",
      "integrity": "sha512-RUKEwps2GvyToer6mHnMTTA+jPT/uqNY0JE2DdBMet+WycN+GM5tDm+PbMNYGZAGwb5fHAfO2pueodPH+787OA==",
      "license": "Apache-2.0"
    },
    "node_modules/@uraitakahito/hello-conditional-exports": {
      "version": "1.0.1",
      "resolved": "https://registry.npmjs.org/@uraitakahito/hello-conditional-exports/-/hello-conditional-exports-1.0.1.tgz",
      "integrity": "sha512-dY90sH2mR7fyTYtGiw0FtRyzhEZjv5R5t54Q8giPqpKJzobdoVCvToliU0VQRFRR7JinGtZGFP9v5vx58evedg==",
      "license": "Apache-2.0"
    },
    "node_modules/@uraitakahito/hello-esmodule": {
      "version": "1.0.2",
      "resolved": "https://registry.npmjs.org/@uraitakahito/hello-esmodule/-/hello-esmodule-1.0.2.tgz",
      "integrity": "sha512-rBvC8rFBMIIUzVNnGLTD7tW3+1xyPCwVPIoiVlkrGt9ueTC01GLJR/TIc+Ihz5L+zIwRhFfBna31vsDnJHZyyQ==",
      "license": "Apache-2.0"
    },
    "node_modules/typescript": {
      "version": "5.7.3",
      "resolved": "https://registry.npmjs.org/typescript/-/typescript-5.7.3.tgz",
      "integrity": "sha512-84MVSjMEHP+FQRPy3pX9sTVV/INIex71s9TL2Gm5FG/WG1SqXeKyZ0k7/blY/4FdOzI12CBy1vGc4og/eus0fw==",
      "dev": true,
      "license": "Apache-2.0",
      "bin": {
        "tsc": "bin/tsc",
        "tsserver": "bin/tsserver"
      },
      "engines": {
        "node": ">=14.17"
      }
    }
  }
}
